dependencies:
  espressif/mpu6050:
    component_hash: 18ac32fa4ed8517adbb84ca0d2e585403c3a4df379d67b83f7fe73c6c2435b4c
    source:
      service_url: https://api.components.espressif.com/
      type: service
    version: 1.1.1
  idf:
    component_hash: null
    source:
      type: idf
    version: 4.4.1
manifest_hash: a37644c14844b9470bcbed3cae3fac895cf81dea05077a8a4c22073f5f44994a
target: esp32
version: 1.0.0
